
Microsoft Visual Studio Solution File, Format Version 12.00
# Visual Studio Version 17
VisualStudioVersion = 17.3.32825.248
MinimumVisualStudioVersion = 10.0.40219.1
Project("{FAE04EC0-301F-11D3-BF4B-00C04F79EFBC}") = "Labirint_", "Labirint_.csproj", "{6F2C6A6F-F53A-47D6-BA17-3D12404D080B}"
EndProject
Global
	GlobalSection(SolutionConfigurationPlatforms) = preSolution
		Debug|Any CPU = Debug|Any CPU
		Release|Any CPU = Release|Any CPU
	EndGlobalSection
	GlobalSection(ProjectConfigurationPlatforms) = postSolution
		{6F2C6A6F-F53A-47D6-BA17-3D12404D080B}.Debug|Any CPU.ActiveCfg = Debug|Any CPU
		{6F2C6A6F-F53A-47D6-BA17-3D12404D080B}.Debug|Any CPU.Build.0 = Debug|Any CPU
		{6F2C6A6F-F53A-47D6-BA17-3D12404D080B}.Release|Any CPU.ActiveCfg = Release|Any CPU
		{6F2C6A6F-F53A-47D6-BA17-3D12404D080B}.Release|Any CPU.Build.0 = Release|Any CPU
	EndGlobalSection
	GlobalSection(SolutionProperties) = preSolution
		HideSolutionNode = FALSE
	EndGlobalSection
	GlobalSection(ExtensibilityGlobals) = postSolution
		SolutionGuid = {001C5167-83F5-4C3D-8CCA-DF9E375278D1}
	EndGlobalSection
EndGlobal
